
Microsoft Visual Studio Solution File, Format Version 12.00
# Visual Studio 15
VisualStudioVersion = 15.0.26124.0
MinimumVisualStudioVersion = 15.0.26124.0
Project("{2150E333-8FDC-42A3-9474-1A3956D46DE8}") = "Client", "Client", "{3EF2EAE8-0B11-4686-A8A5-A2DEEBD62D26}"
EndProject
Project("{2150E333-8FDC-42A3-9474-1A3956D46DE8}") = "API", "API", "{3FBEC05F-9EE7-4071-8DA8-D3E4DCE6B94D}"
EndProject
Project("{FAE04EC0-301F-11D3-BF4B-00C04F79EFBC}") = "APAC.eSKU.Client.API", "Client\API\APAC.eSKU.Client.API\APAC.eSKU.Client.API.csproj", "{23789151-2462-4327-83D1-DDCF1587A854}"
EndProject
Project("{2150E333-8FDC-42A3-9474-1A3956D46DE8}") = "Common", "Common", "{F6E7D9A4-71A5-41AB-9094-A243D6124789}"
EndProject
Project("{FAE04EC0-301F-11D3-BF4B-00C04F79EFBC}") = "APAC.eSKU.Common.BL", "Common\APAC.eSKU.Common.BL\APAC.eSKU.Common.BL.csproj", "{76532664-DB8E-4FE4-A870-C0EDA3362AE6}"
EndProject
Project("{FAE04EC0-301F-11D3-BF4B-00C04F79EFBC}") = "APAC.eSKU.Common.DAL", "Common\APAC.eSKU.Common.DAL\APAC.eSKU.Common.DAL.csproj", "{4468BF6B-1AD8-4DD6-B0B2-6F0D44FE095A}"
EndProject
Project("{FAE04EC0-301F-11D3-BF4B-00C04F79EFBC}") = "APAC.eSKU.Common.DTO", "Common\APAC.eSKU.Common.DTO\APAC.eSKU.Common.DTO.csproj", "{3F8E4FD3-7DB3-4E44-86F3-E499DE9264AF}"
EndProject
Project("{FAE04EC0-301F-11D3-BF4B-00C04F79EFBC}") = "APAC.eSKU.Common.UtilityHelper", "Common\APAC.eSKU.Common.UtilityHelper\APAC.eSKU.Common.UtilityHelper.csproj", "{6C500A8F-6388-4DF4-B28E-6C9DBF7E648E}"
EndProject
Global
	GlobalSection(SolutionConfigurationPlatforms) = preSolution
		Debug|Any CPU = Debug|Any CPU
		Debug|x64 = Debug|x64
		Debug|x86 = Debug|x86
		Release|Any CPU = Release|Any CPU
		Release|x64 = Release|x64
		Release|x86 = Release|x86
	EndGlobalSection
	GlobalSection(SolutionProperties) = preSolution
		HideSolutionNode = FALSE
	EndGlobalSection
	GlobalSection(ProjectConfigurationPlatforms) = postSolution
		{23789151-2462-4327-83D1-DDCF1587A854}.Debug|Any CPU.ActiveCfg = Debug|Any CPU
		{23789151-2462-4327-83D1-DDCF1587A854}.Debug|Any CPU.Build.0 = Debug|Any CPU
		{23789151-2462-4327-83D1-DDCF1587A854}.Debug|x64.ActiveCfg = Debug|Any CPU
		{23789151-2462-4327-83D1-DDCF1587A854}.Debug|x64.Build.0 = Debug|Any CPU
		{23789151-2462-4327-83D1-DDCF1587A854}.Debug|x86.ActiveCfg = Debug|Any CPU
		{23789151-2462-4327-83D1-DDCF1587A854}.Debug|x86.Build.0 = Debug|Any CPU
		{23789151-2462-4327-83D1-DDCF1587A854}.Release|Any CPU.ActiveCfg = Release|Any CPU
		{23789151-2462-4327-83D1-DDCF1587A854}.Release|Any CPU.Build.0 = Release|Any CPU
		{23789151-2462-4327-83D1-DDCF1587A854}.Release|x64.ActiveCfg = Release|Any CPU
		{23789151-2462-4327-83D1-DDCF1587A854}.Release|x64.Build.0 = Release|Any CPU
		{23789151-2462-4327-83D1-DDCF1587A854}.Release|x86.ActiveCfg = Release|Any CPU
		{23789151-2462-4327-83D1-DDCF1587A854}.Release|x86.Build.0 = Release|Any CPU
		{76532664-DB8E-4FE4-A870-C0EDA3362AE6}.Debug|Any CPU.ActiveCfg = Debug|Any CPU
		{76532664-DB8E-4FE4-A870-C0EDA3362AE6}.Debug|Any CPU.Build.0 = Debug|Any CPU
		{76532664-DB8E-4FE4-A870-C0EDA3362AE6}.Debug|x64.ActiveCfg = Debug|Any CPU
		{76532664-DB8E-4FE4-A870-C0EDA3362AE6}.Debug|x64.Build.0 = Debug|Any CPU
		{76532664-DB8E-4FE4-A870-C0EDA3362AE6}.Debug|x86.ActiveCfg = Debug|Any CPU
		{76532664-DB8E-4FE4-A870-C0EDA3362AE6}.Debug|x86.Build.0 = Debug|Any CPU
		{76532664-DB8E-4FE4-A870-C0EDA3362AE6}.Release|Any CPU.ActiveCfg = Release|Any CPU
		{76532664-DB8E-4FE4-A870-C0EDA3362AE6}.Release|Any CPU.Build.0 = Release|Any CPU
		{76532664-DB8E-4FE4-A870-C0EDA3362AE6}.Release|x64.ActiveCfg = Release|Any CPU
		{76532664-DB8E-4FE4-A870-C0EDA3362AE6}.Release|x64.Build.0 = Release|Any CPU
		{76532664-DB8E-4FE4-A870-C0EDA3362AE6}.Release|x86.ActiveCfg = Release|Any CPU
		{76532664-DB8E-4FE4-A870-C0EDA3362AE6}.Release|x86.Build.0 = Release|Any CPU
		{4468BF6B-1AD8-4DD6-B0B2-6F0D44FE095A}.Debug|Any CPU.ActiveCfg = Debug|Any CPU
		{4468BF6B-1AD8-4DD6-B0B2-6F0D44FE095A}.Debug|Any CPU.Build.0 = Debug|Any CPU
		{4468BF6B-1AD8-4DD6-B0B2-6F0D44FE095A}.Debug|x64.ActiveCfg = Debug|Any CPU
		{4468BF6B-1AD8-4DD6-B0B2-6F0D44FE095A}.Debug|x64.Build.0 = Debug|Any CPU
		{4468BF6B-1AD8-4DD6-B0B2-6F0D44FE095A}.Debug|x86.ActiveCfg = Debug|Any CPU
		{4468BF6B-1AD8-4DD6-B0B2-6F0D44FE095A}.Debug|x86.Build.0 = Debug|Any CPU
		{4468BF6B-1AD8-4DD6-B0B2-6F0D44FE095A}.Release|Any CPU.ActiveCfg = Release|Any CPU
		{4468BF6B-1AD8-4DD6-B0B2-6F0D44FE095A}.Release|Any CPU.Build.0 = Release|Any CPU
		{4468BF6B-1AD8-4DD6-B0B2-6F0D44FE095A}.Release|x64.ActiveCfg = Release|Any CPU
		{4468BF6B-1AD8-4DD6-B0B2-6F0D44FE095A}.Release|x64.Build.0 = Release|Any CPU
		{4468BF6B-1AD8-4DD6-B0B2-6F0D44FE095A}.Release|x86.ActiveCfg = Release|Any CPU
		{4468BF6B-1AD8-4DD6-B0B2-6F0D44FE095A}.Release|x86.Build.0 = Release|Any CPU
		{3F8E4FD3-7DB3-4E44-86F3-E499DE9264AF}.Debug|Any CPU.ActiveCfg = Debug|Any CPU
		{3F8E4FD3-7DB3-4E44-86F3-E499DE9264AF}.Debug|Any CPU.Build.0 = Debug|Any CPU
		{3F8E4FD3-7DB3-4E44-86F3-E499DE9264AF}.Debug|x64.ActiveCfg = Debug|Any CPU
		{3F8E4FD3-7DB3-4E44-86F3-E499DE9264AF}.Debug|x64.Build.0 = Debug|Any CPU
		{3F8E4FD3-7DB3-4E44-86F3-E499DE9264AF}.Debug|x86.ActiveCfg = Debug|Any CPU
		{3F8E4FD3-7DB3-4E44-86F3-E499DE9264AF}.Debug|x86.Build.0 = Debug|Any CPU
		{3F8E4FD3-7DB3-4E44-86F3-E499DE9264AF}.Release|Any CPU.ActiveCfg = Release|Any CPU
		{3F8E4FD3-7DB3-4E44-86F3-E499DE9264AF}.Release|Any CPU.Build.0 = Release|Any CPU
		{3F8E4FD3-7DB3-4E44-86F3-E499DE9264AF}.Release|x64.ActiveCfg = Release|Any CPU
		{3F8E4FD3-7DB3-4E44-86F3-E499DE9264AF}.Release|x64.Build.0 = Release|Any CPU
		{3F8E4FD3-7DB3-4E44-86F3-E499DE9264AF}.Release|x86.ActiveCfg = Release|Any CPU
		{3F8E4FD3-7DB3-4E44-86F3-E499DE9264AF}.Release|x86.Build.0 = Release|Any CPU
		{6C500A8F-6388-4DF4-B28E-6C9DBF7E648E}.Debug|Any CPU.ActiveCfg = Debug|Any CPU
		{6C500A8F-6388-4DF4-B28E-6C9DBF7E648E}.Debug|Any CPU.Build.0 = Debug|Any CPU
		{6C500A8F-6388-4DF4-B28E-6C9DBF7E648E}.Debug|x64.ActiveCfg = Debug|Any CPU
		{6C500A8F-6388-4DF4-B28E-6C9DBF7E648E}.Debug|x64.Build.0 = Debug|Any CPU
		{6C500A8F-6388-4DF4-B28E-6C9DBF7E648E}.Debug|x86.ActiveCfg = Debug|Any CPU
		{6C500A8F-6388-4DF4-B28E-6C9DBF7E648E}.Debug|x86.Build.0 = Debug|Any CPU
		{6C500A8F-6388-4DF4-B28E-6C9DBF7E648E}.Release|Any CPU.ActiveCfg = Release|Any CPU
		{6C500A8F-6388-4DF4-B28E-6C9DBF7E648E}.Release|Any CPU.Build.0 = Release|Any CPU
		{6C500A8F-6388-4DF4-B28E-6C9DBF7E648E}.Release|x64.ActiveCfg = Release|Any CPU
		{6C500A8F-6388-4DF4-B28E-6C9DBF7E648E}.Release|x64.Build.0 = Release|Any CPU
		{6C500A8F-6388-4DF4-B28E-6C9DBF7E648E}.Release|x86.ActiveCfg = Release|Any CPU
		{6C500A8F-6388-4DF4-B28E-6C9DBF7E648E}.Release|x86.Build.0 = Release|Any CPU
	EndGlobalSection
	GlobalSection(NestedProjects) = preSolution
		{3FBEC05F-9EE7-4071-8DA8-D3E4DCE6B94D} = {3EF2EAE8-0B11-4686-A8A5-A2DEEBD62D26}
		{23789151-2462-4327-83D1-DDCF1587A854} = {3FBEC05F-9EE7-4071-8DA8-D3E4DCE6B94D}
		{76532664-DB8E-4FE4-A870-C0EDA3362AE6} = {F6E7D9A4-71A5-41AB-9094-A243D6124789}
		{4468BF6B-1AD8-4DD6-B0B2-6F0D44FE095A} = {F6E7D9A4-71A5-41AB-9094-A243D6124789}
		{3F8E4FD3-7DB3-4E44-86F3-E499DE9264AF} = {F6E7D9A4-71A5-41AB-9094-A243D6124789}
		{6C500A8F-6388-4DF4-B28E-6C9DBF7E648E} = {F6E7D9A4-71A5-41AB-9094-A243D6124789}
	EndGlobalSection
EndGlobal
